
Microsoft Visual Studio Solution File, Format Version 12.00
# Visual Studio 15
VisualStudioVersion = 15.0.28307.1000
MinimumVisualStudioVersion = 10.0.40219.1
Project("{8BC9CEB8-8B4A-11D0-8D11-00A0C91BC942}") = "program_docs", "program_docs\program_docs.vcxproj", "{9259C3C8-AD26-40A8-BBBF-E3086A287670}"
EndProject
Global
	GlobalSection(SolutionConfigurationPlatforms) = preSolution
		Debug|x64 = Debug|x64
		Debug|x86 = Debug|x86
		Release|x64 = Release|x64
		Release|x86 = Release|x86
	EndGlobalSection
	GlobalSection(ProjectConfigurationPlatforms) = postSolution
		{9259C3C8-AD26-40A8-BBBF-E3086A287670}.Debug|x64.ActiveCfg = Debug|x64
		{9259C3C8-AD26-40A8-BBBF-E3086A287670}.Debug|x64.Build.0 = Debug|x64
		{9259C3C8-AD26-40A8-BBBF-E3086A287670}.Debug|x86.ActiveCfg = Debug|Win32
		{9259C3C8-AD26-40A8-BBBF-E3086A287670}.Debug|x86.Build.0 = Debug|Win32
		{9259C3C8-AD26-40A8-BBBF-E3086A287670}.Release|x64.ActiveCfg = Release|x64
		{9259C3C8-AD26-40A8-BBBF-E3086A287670}.Release|x64.Build.0 = Release|x64
		{9259C3C8-AD26-40A8-BBBF-E3086A287670}.Release|x86.ActiveCfg = Release|Win32
		{9259C3C8-AD26-40A8-BBBF-E3086A287670}.Release|x86.Build.0 = Release|Win32
	EndGlobalSection
	GlobalSection(SolutionProperties) = preSolution
		HideSolutionNode = FALSE
	EndGlobalSection
	GlobalSection(ExtensibilityGlobals) = postSolution
		SolutionGuid = {23F52A5F-7CD1-46CF-831B-443186EAA813}
	EndGlobalSection
EndGlobal
